
Microsoft Visual Studio Solution File, Format Version 12.00
# Visual Studio 15
VisualStudioVersion = 15.0.28010.2048
MinimumVisualStudioVersion = 10.0.40219.1
Project("{FAE04EC0-301F-11D3-BF4B-00C04F79EFBC}") = "CG内效工具_量产程序测试上位机", "CG内效工具_量产程序测试上位机\CG内效工具_量产程序测试上位机.csproj", "{8768A2DB-8EF9-428D-8B5D-890EAF6F55B1}"
EndProject
Global
	GlobalSection(SolutionConfigurationPlatforms) = preSolution
		Debug|Any CPU = Debug|Any CPU
		Release|Any CPU = Release|Any CPU
	EndGlobalSection
	GlobalSection(ProjectConfigurationPlatforms) = postSolution
		{8768A2DB-8EF9-428D-8B5D-890EAF6F55B1}.Debug|Any CPU.ActiveCfg = Debug|Any CPU
		{8768A2DB-8EF9-428D-8B5D-890EAF6F55B1}.Debug|Any CPU.Build.0 = Debug|Any CPU
		{8768A2DB-8EF9-428D-8B5D-890EAF6F55B1}.Release|Any CPU.ActiveCfg = Release|Any CPU
		{8768A2DB-8EF9-428D-8B5D-890EAF6F55B1}.Release|Any CPU.Build.0 = Release|Any CPU
	EndGlobalSection
	GlobalSection(SolutionProperties) = preSolution
		HideSolutionNode = FALSE
	EndGlobalSection
	GlobalSection(ExtensibilityGlobals) = postSolution
		SolutionGuid = {30FC9FE3-1B53-4FCE-A85D-1C54A5D44515}
	EndGlobalSection
EndGlobal
